{
  "object": {
    "pins": [
      {
        "package": "CoreNetwork",
        "repositoryURL": "https://github.com/MosMetro-official/CoreNetwork",
        "state": {
          "branch": null,
          "revision": "94125eef8fc08cb30a4807aff420fe34555b11f4",
          "version": "0.0.1-callbacks"
        }
      },
      {
        "package": "CoreTableView",
        "repositoryURL": "https://github.com/MosMetro-official/CoreTableView",
        "state": {
          "branch": null,
          "revision": "a367f9b0dd5679d64078a6defcd21463d0e30c97",
          "version": "0.0.3"
        }
      },
      {
        "package": "YandexMobileMetrica",
        "repositoryURL": "https://github.com/yandexmobile/metrica-sdk-ios",
        "state": {
          "branch": null,
          "revision": "56a79b9224ead8f186834bcebe4a8a83a50ee024",
          "version": "3.17.0"
        }
      },
      {
        "package": "SDWebImage",
        "repositoryURL": "https://github.com/SDWebImage/SDWebImage.git",
        "state": {
          "branch": null,
          "revision": "2e63d0061da449ad0ed130768d05dceb1496de44",
          "version": "5.12.5"
        }
      },
      {
        "package": "SwiftDate",
        "repositoryURL": "https://github.com/malcommac/SwiftDate.git",
        "state": {
          "branch": null,
          "revision": "6190d0cefff3013e77ed567e6b074f324e5c5bf5",
          "version": "6.3.1"
        }
      }
    ]
  },
  "version": 1
}
