{
  "object": {
    "pins": [
      {
        "package": "CoreTableView",
        "repositoryURL": "https://github.com/MosMetro-official/CoreTableView",
        "state": {
          "branch": null,
          "revision": "886b059824c8c3d91a4eed3e3599012169eb62f6",
          "version": "0.0.2"
        }
      }
    ]
  },
  "version": 1
}
